
Microsoft Visual Studio Solution File, Format Version 12.00
# Visual Studio Version 17
VisualStudioVersion = 17.12.35707.178
MinimumVisualStudioVersion = 10.0.40219.1
Project("{2150E333-8FDC-42A3-9474-1A3956D46DE8}") = "src", "src", "{575EA19E-871D-4227-A4EC-131FAB17629D}"
EndProject
Project("{2150E333-8FDC-42A3-9474-1A3956D46DE8}") = "tests", "tests", "{22B34636-97DB-4CBE-8303-F6F9D7E1CA8A}"
EndProject
Project("{FAE04EC0-301F-11D3-BF4B-00C04F79EFBC}") = "CashFlow.Domain", "src\CashFlow.Domain\CashFlow.Domain.csproj", "{EE54E9FE-B659-4794-B32F-6F0881E0D5BE}"
EndProject
Project("{FAE04EC0-301F-11D3-BF4B-00C04F79EFBC}") = "CashFlow.API", "src\CashFlow.API\CashFlow.API.csproj", "{11390FB1-D5C1-4B57-8875-907C993D82BA}"
EndProject
Project("{FAE04EC0-301F-11D3-BF4B-00C04F79EFBC}") = "CashFlow.Exception", "src\CashFlow.Exception\CashFlow.Exception.csproj", "{53AE066F-81CA-40FD-9C4C-C7D70CE440E6}"
EndProject
Project("{FAE04EC0-301F-11D3-BF4B-00C04F79EFBC}") = "CashFlow.Communication", "src\CashFlow.Communication\CashFlow.Communication.csproj", "{F89C8FC2-A248-426C-A04B-573E52FA63D5}"
EndProject
Project("{FAE04EC0-301F-11D3-BF4B-00C04F79EFBC}") = "CashFlow.Infrastructure", "src\CashFlow.Infrastructure\CashFlow.Infrastructure.csproj", "{F88466C0-AC0A-48A4-94C2-6600B3007408}"
EndProject
Project("{FAE04EC0-301F-11D3-BF4B-00C04F79EFBC}") = "CashFlow.Application", "src\CashFlow.Application\CashFlow.Application.csproj", "{AECDD203-D363-4E1D-8112-8655BD32D665}"
EndProject
Project("{FAE04EC0-301F-11D3-BF4B-00C04F79EFBC}") = "Validators.Tests", "tests\Validators.Tests\Validators.Tests.csproj", "{725B79BE-7C45-4330-964F-91DE89CFBA3A}"
EndProject
Project("{FAE04EC0-301F-11D3-BF4B-00C04F79EFBC}") = "CommonTestUltilities", "tests\CommonTestUltilities\CommonTestUltilities.csproj", "{9CA6CD4F-B46B-4790-881E-8BBC0E4ABAA9}"
EndProject
Project("{FAE04EC0-301F-11D3-BF4B-00C04F79EFBC}") = "UseCases.Test", "tests\UseCases.Test\UseCases.Test.csproj", "{F8E4E7A8-41F1-4A0E-A9F8-5834715731EB}"
EndProject
Project("{FAE04EC0-301F-11D3-BF4B-00C04F79EFBC}") = "WebApi.Test", "tests\WebApi.Test\WebApi.Test.csproj", "{34CF92F9-8CA8-4E0E-A349-A15A4C3BAB5A}"
EndProject
Global
	GlobalSection(SolutionConfigurationPlatforms) = preSolution
		Debug|Any CPU = Debug|Any CPU
		Release|Any CPU = Release|Any CPU
	EndGlobalSection
	GlobalSection(ProjectConfigurationPlatforms) = postSolution
		{EE54E9FE-B659-4794-B32F-6F0881E0D5BE}.Debug|Any CPU.ActiveCfg = Debug|Any CPU
		{EE54E9FE-B659-4794-B32F-6F0881E0D5BE}.Debug|Any CPU.Build.0 = Debug|Any CPU
		{EE54E9FE-B659-4794-B32F-6F0881E0D5BE}.Release|Any CPU.ActiveCfg = Release|Any CPU
		{EE54E9FE-B659-4794-B32F-6F0881E0D5BE}.Release|Any CPU.Build.0 = Release|Any CPU
		{11390FB1-D5C1-4B57-8875-907C993D82BA}.Debug|Any CPU.ActiveCfg = Debug|Any CPU
		{11390FB1-D5C1-4B57-8875-907C993D82BA}.Debug|Any CPU.Build.0 = Debug|Any CPU
		{11390FB1-D5C1-4B57-8875-907C993D82BA}.Release|Any CPU.ActiveCfg = Release|Any CPU
		{11390FB1-D5C1-4B57-8875-907C993D82BA}.Release|Any CPU.Build.0 = Release|Any CPU
		{53AE066F-81CA-40FD-9C4C-C7D70CE440E6}.Debug|Any CPU.ActiveCfg = Debug|Any CPU
		{53AE066F-81CA-40FD-9C4C-C7D70CE440E6}.Debug|Any CPU.Build.0 = Debug|Any CPU
		{53AE066F-81CA-40FD-9C4C-C7D70CE440E6}.Release|Any CPU.ActiveCfg = Release|Any CPU
		{53AE066F-81CA-40FD-9C4C-C7D70CE440E6}.Release|Any CPU.Build.0 = Release|Any CPU
		{F89C8FC2-A248-426C-A04B-573E52FA63D5}.Debug|Any CPU.ActiveCfg = Debug|Any CPU
		{F89C8FC2-A248-426C-A04B-573E52FA63D5}.Debug|Any CPU.Build.0 = Debug|Any CPU
		{F89C8FC2-A248-426C-A04B-573E52FA63D5}.Release|Any CPU.ActiveCfg = Release|Any CPU
		{F89C8FC2-A248-426C-A04B-573E52FA63D5}.Release|Any CPU.Build.0 = Release|Any CPU
		{F88466C0-AC0A-48A4-94C2-6600B3007408}.Debug|Any CPU.ActiveCfg = Debug|Any CPU
		{F88466C0-AC0A-48A4-94C2-6600B3007408}.Debug|Any CPU.Build.0 = Debug|Any CPU
		{F88466C0-AC0A-48A4-94C2-6600B3007408}.Release|Any CPU.ActiveCfg = Release|Any CPU
		{F88466C0-AC0A-48A4-94C2-6600B3007408}.Release|Any CPU.Build.0 = Release|Any CPU
		{AECDD203-D363-4E1D-8112-8655BD32D665}.Debug|Any CPU.ActiveCfg = Debug|Any CPU
		{AECDD203-D363-4E1D-8112-8655BD32D665}.Debug|Any CPU.Build.0 = Debug|Any CPU
		{AECDD203-D363-4E1D-8112-8655BD32D665}.Release|Any CPU.ActiveCfg = Release|Any CPU
		{AECDD203-D363-4E1D-8112-8655BD32D665}.Release|Any CPU.Build.0 = Release|Any CPU
		{725B79BE-7C45-4330-964F-91DE89CFBA3A}.Debug|Any CPU.ActiveCfg = Debug|Any CPU
		{725B79BE-7C45-4330-964F-91DE89CFBA3A}.Debug|Any CPU.Build.0 = Debug|Any CPU
		{725B79BE-7C45-4330-964F-91DE89CFBA3A}.Release|Any CPU.ActiveCfg = Release|Any CPU
		{725B79BE-7C45-4330-964F-91DE89CFBA3A}.Release|Any CPU.Build.0 = Release|Any CPU
		{9CA6CD4F-B46B-4790-881E-8BBC0E4ABAA9}.Debug|Any CPU.ActiveCfg = Debug|Any CPU
		{9CA6CD4F-B46B-4790-881E-8BBC0E4ABAA9}.Debug|Any CPU.Build.0 = Debug|Any CPU
		{9CA6CD4F-B46B-4790-881E-8BBC0E4ABAA9}.Release|Any CPU.ActiveCfg = Release|Any CPU
		{9CA6CD4F-B46B-4790-881E-8BBC0E4ABAA9}.Release|Any CPU.Build.0 = Release|Any CPU
		{F8E4E7A8-41F1-4A0E-A9F8-5834715731EB}.Debug|Any CPU.ActiveCfg = Debug|Any CPU
		{F8E4E7A8-41F1-4A0E-A9F8-5834715731EB}.Debug|Any CPU.Build.0 = Debug|Any CPU
		{F8E4E7A8-41F1-4A0E-A9F8-5834715731EB}.Release|Any CPU.ActiveCfg = Release|Any CPU
		{F8E4E7A8-41F1-4A0E-A9F8-5834715731EB}.Release|Any CPU.Build.0 = Release|Any CPU
		{34CF92F9-8CA8-4E0E-A349-A15A4C3BAB5A}.Debug|Any CPU.ActiveCfg = Debug|Any CPU
		{34CF92F9-8CA8-4E0E-A349-A15A4C3BAB5A}.Debug|Any CPU.Build.0 = Debug|Any CPU
		{34CF92F9-8CA8-4E0E-A349-A15A4C3BAB5A}.Release|Any CPU.ActiveCfg = Release|Any CPU
		{34CF92F9-8CA8-4E0E-A349-A15A4C3BAB5A}.Release|Any CPU.Build.0 = Release|Any CPU
	EndGlobalSection
	GlobalSection(SolutionProperties) = preSolution
		HideSolutionNode = FALSE
	EndGlobalSection
	GlobalSection(NestedProjects) = preSolution
		{EE54E9FE-B659-4794-B32F-6F0881E0D5BE} = {575EA19E-871D-4227-A4EC-131FAB17629D}
		{11390FB1-D5C1-4B57-8875-907C993D82BA} = {575EA19E-871D-4227-A4EC-131FAB17629D}
		{53AE066F-81CA-40FD-9C4C-C7D70CE440E6} = {575EA19E-871D-4227-A4EC-131FAB17629D}
		{F89C8FC2-A248-426C-A04B-573E52FA63D5} = {575EA19E-871D-4227-A4EC-131FAB17629D}
		{F88466C0-AC0A-48A4-94C2-6600B3007408} = {575EA19E-871D-4227-A4EC-131FAB17629D}
		{AECDD203-D363-4E1D-8112-8655BD32D665} = {575EA19E-871D-4227-A4EC-131FAB17629D}
		{725B79BE-7C45-4330-964F-91DE89CFBA3A} = {22B34636-97DB-4CBE-8303-F6F9D7E1CA8A}
		{9CA6CD4F-B46B-4790-881E-8BBC0E4ABAA9} = {22B34636-97DB-4CBE-8303-F6F9D7E1CA8A}
		{F8E4E7A8-41F1-4A0E-A9F8-5834715731EB} = {22B34636-97DB-4CBE-8303-F6F9D7E1CA8A}
		{34CF92F9-8CA8-4E0E-A349-A15A4C3BAB5A} = {22B34636-97DB-4CBE-8303-F6F9D7E1CA8A}
	EndGlobalSection
EndGlobal
